
Microsoft Visual Studio Solution File, Format Version 12.00
# Visual Studio Version 17
VisualStudioVersion = 17.14.36408.4 d17.14
MinimumVisualStudioVersion = 10.0.40219.1
Project("{FAE04EC0-301F-11D3-BF4B-00C04F79EFBC}") = "Web_Configartion_Practice", "Web_Configartion_Practice.csproj", "{424A7B3F-FAF1-49F0-A1A7-4D5EA52746F1}"
EndProject
Global
	GlobalSection(SolutionConfigurationPlatforms) = preSolution
		Debug|Any CPU = Debug|Any CPU
		Release|Any CPU = Release|Any CPU
	EndGlobalSection
	GlobalSection(ProjectConfigurationPlatforms) = postSolution
		{424A7B3F-FAF1-49F0-A1A7-4D5EA52746F1}.Debug|Any CPU.ActiveCfg = Debug|Any CPU
		{424A7B3F-FAF1-49F0-A1A7-4D5EA52746F1}.Debug|Any CPU.Build.0 = Debug|Any CPU
		{424A7B3F-FAF1-49F0-A1A7-4D5EA52746F1}.Release|Any CPU.ActiveCfg = Release|Any CPU
		{424A7B3F-FAF1-49F0-A1A7-4D5EA52746F1}.Release|Any CPU.Build.0 = Release|Any CPU
	EndGlobalSection
	GlobalSection(SolutionProperties) = preSolution
		HideSolutionNode = FALSE
	EndGlobalSection
	GlobalSection(ExtensibilityGlobals) = postSolution
		SolutionGuid = {3453040F-B3E1-47F4-8A5A-4CBE5DD56101}
	EndGlobalSection
EndGlobal
